// !$*UTF8*$!
{
	archiveVersion = 1;
	classes = {
	};
	objectVersion = 50;
	objects = {

/* Begin PBXBuildFile section */
		B76DF6AB23BC3AD40053BBDC /* main.cpp in Sources */ = {isa = PBXBuildFile; fileRef = B76DF6AA23BC3AD40053BBDC /* main.cpp */; };
		B76DF6B623BC65560053BBDC /* main.cpp in Sources */ = {isa = PBXBuildFile; fileRef = B76DF6B523BC65560053BBDC /* main.cpp */; };
		B7A934A123BCCE4600CC15EE /* main.cpp in Sources */ = {isa = PBXBuildFile; fileRef = B7A9349C23BCCE2300CC15EE /* main.cpp */; };
		B7A934A923BCCFC600CC15EE /* main.cpp in Sources */ = {isa = PBXBuildFile; fileRef = B7A934A823BCCFC600CC15EE /* main.cpp */; };
		B7A934B423BCD0C700CC15EE /* main.cpp in Sources */ = {isa = PBXBuildFile; fileRef = B7A934B323BCD0C700CC15EE /* main.cpp */; };
		B7A934BF23BCD1E300CC15EE /* main.cpp in Sources */ = {isa = PBXBuildFile; fileRef = B7A934BE23BCD1E300CC15EE /* main.cpp */; };
		B7A934CA23BCD25E00CC15EE /* main.cpp in Sources */ = {isa = PBXBuildFile; fileRef = B7A934C923BCD25E00CC15EE /* main.cpp */; };
/* End PBXBuildFile section */

/* Begin PBXCopyFilesBuildPhase section */
		B76DF69823BC3AC40053BBDC /* CopyFiles */ = {
			isa = PBXCopyFilesBuildPhase;
			buildActionMask = 2147483647;
			dstPath = /usr/share/man/man1/;
			dstSubfolderSpec = 0;
			files = (
			);
			runOnlyForDeploymentPostprocessing = 1;
		};
		B76DF6A623BC3AD40053BBDC /* CopyFiles */ = {
			isa = PBXCopyFilesBuildPhase;
			buildActionMask = 2147483647;
			dstPath = /usr/share/man/man1/;
			dstSubfolderSpec = 0;
			files = (
			);
			runOnlyForDeploymentPostprocessing = 1;
		};
		B76DF6B123BC65560053BBDC /* CopyFiles */ = {
			isa = PBXCopyFilesBuildPhase;
			buildActionMask = 2147483647;
			dstPath = /usr/share/man/man1/;
			dstSubfolderSpec = 0;
			files = (
			);
			runOnlyForDeploymentPostprocessing = 1;
		};
		B7A9349823BCCE2300CC15EE /* CopyFiles */ = {
			isa = PBXCopyFilesBuildPhase;
			buildActionMask = 2147483647;
			dstPath = /usr/share/man/man1/;
			dstSubfolderSpec = 0;
			files = (
			);
			runOnlyForDeploymentPostprocessing = 1;
		};
		B7A934A423BCCFC600CC15EE /* CopyFiles */ = {
			isa = PBXCopyFilesBuildPhase;
			buildActionMask = 2147483647;
			dstPath = /usr/share/man/man1/;
			dstSubfolderSpec = 0;
			files = (
			);
			runOnlyForDeploymentPostprocessing = 1;
		};
		B7A934AF23BCD0C700CC15EE /* CopyFiles */ = {
			isa = PBXCopyFilesBuildPhase;
			buildActionMask = 2147483647;
			dstPath = /usr/share/man/man1/;
			dstSubfolderSpec = 0;
			files = (
			);
			runOnlyForDeploymentPostprocessing = 1;
		};
		B7A934BA23BCD1E300CC15EE /* CopyFiles */ = {
			isa = PBXCopyFilesBuildPhase;
			buildActionMask = 2147483647;
			dstPath = /usr/share/man/man1/;
			dstSubfolderSpec = 0;
			files = (
			);
			runOnlyForDeploymentPostprocessing = 1;
		};
		B7A934C523BCD25E00CC15EE /* CopyFiles */ = {
			isa = PBXCopyFilesBuildPhase;
			buildActionMask = 2147483647;
			dstPath = /usr/share/man/man1/;
			dstSubfolderSpec = 0;
			files = (
			);
			runOnlyForDeploymentPostprocessing = 1;
		};
/* End PBXCopyFilesBuildPhase section */

/* Begin PBXFileReference section */
		B76DF69A23BC3AC40053BBDC /* cppx */ = {isa = PBXFileReference; explicitFileType = "compiled.mach-o.executable"; includeInIndex = 0; path = cppx; sourceTree = BUILT_PRODUCTS_DIR; };
		B76DF6A823BC3AD40053BBDC /* bolt */ = {isa = PBXFileReference; explicitFileType = "compiled.mach-o.executable"; includeInIndex = 0; path = bolt; sourceTree = BUILT_PRODUCTS_DIR; };
		B76DF6AA23BC3AD40053BBDC /* main.cpp */ = {isa = PBXFileReference; lastKnownFileType = sourcecode.cpp.cpp; path = main.cpp; sourceTree = "<group>"; };
		B76DF6B323BC65560053BBDC /* bookstore */ = {isa = PBXFileReference; explicitFileType = "compiled.mach-o.executable"; includeInIndex = 0; path = bookstore; sourceTree = BUILT_PRODUCTS_DIR; };
		B76DF6B523BC65560053BBDC /* main.cpp */ = {isa = PBXFileReference; lastKnownFileType = sourcecode.cpp.cpp; path = main.cpp; sourceTree = "<group>"; };
		B7A9349A23BCCE2300CC15EE /* 1.1 */ = {isa = PBXFileReference; explicitFileType = "compiled.mach-o.executable"; includeInIndex = 0; path = 1.1; sourceTree = BUILT_PRODUCTS_DIR; };
		B7A9349C23BCCE2300CC15EE /* main.cpp */ = {isa = PBXFileReference; lastKnownFileType = sourcecode.cpp.cpp; path = main.cpp; sourceTree = "<group>"; };
		B7A934A623BCCFC600CC15EE /* 1.2 */ = {isa = PBXFileReference; explicitFileType = "compiled.mach-o.executable"; includeInIndex = 0; path = 1.2; sourceTree = BUILT_PRODUCTS_DIR; };
		B7A934A823BCCFC600CC15EE /* main.cpp */ = {isa = PBXFileReference; lastKnownFileType = sourcecode.cpp.cpp; path = main.cpp; sourceTree = "<group>"; };
		B7A934B123BCD0C700CC15EE /* 1.3 */ = {isa = PBXFileReference; explicitFileType = "compiled.mach-o.executable"; includeInIndex = 0; path = 1.3; sourceTree = BUILT_PRODUCTS_DIR; };
		B7A934B323BCD0C700CC15EE /* main.cpp */ = {isa = PBXFileReference; lastKnownFileType = sourcecode.cpp.cpp; path = main.cpp; sourceTree = "<group>"; };
		B7A934BC23BCD1E300CC15EE /* 1.4 */ = {isa = PBXFileReference; explicitFileType = "compiled.mach-o.executable"; includeInIndex = 0; path = 1.4; sourceTree = BUILT_PRODUCTS_DIR; };
		B7A934BE23BCD1E300CC15EE /* main.cpp */ = {isa = PBXFileReference; lastKnownFileType = sourcecode.cpp.cpp; path = main.cpp; sourceTree = "<group>"; };
		B7A934C723BCD25E00CC15EE /* 1.5 */ = {isa = PBXFileReference; explicitFileType = "compiled.mach-o.executable"; includeInIndex = 0; path = 1.5; sourceTree = BUILT_PRODUCTS_DIR; };
		B7A934C923BCD25E00CC15EE /* main.cpp */ = {isa = PBXFileReference; lastKnownFileType = sourcecode.cpp.cpp; path = main.cpp; sourceTree = "<group>"; };
/* End PBXFileReference section */

/* Begin PBXFrameworksBuildPhase section */
		B76DF69723BC3AC40053BBDC /* Frameworks */ = {
			isa = PBXFrameworksBuildPhase;
			buildActionMask = 2147483647;
			files = (
			);
			runOnlyForDeploymentPostprocessing = 0;
		};
		B76DF6A523BC3AD40053BBDC /* Frameworks */ = {
			isa = PBXFrameworksBuildPhase;
			buildActionMask = 2147483647;
			files = (
			);
			runOnlyForDeploymentPostprocessing = 0;
		};
		B76DF6B023BC65560053BBDC /* Frameworks */ = {
			isa = PBXFrameworksBuildPhase;
			buildActionMask = 2147483647;
			files = (
			);
			runOnlyForDeploymentPostprocessing = 0;
		};
		B7A9349723BCCE2300CC15EE /* Frameworks */ = {
			isa = PBXFrameworksBuildPhase;
			buildActionMask = 2147483647;
			files = (
			);
			runOnlyForDeploymentPostprocessing = 0;
		};
		B7A934A323BCCFC600CC15EE /* Frameworks */ = {
			isa = PBXFrameworksBuildPhase;
			buildActionMask = 2147483647;
			files = (
			);
			runOnlyForDeploymentPostprocessing = 0;
		};
		B7A934AE23BCD0C700CC15EE /* Frameworks */ = {
			isa = PBXFrameworksBuildPhase;
			buildActionMask = 2147483647;
			files = (
			);
			runOnlyForDeploymentPostprocessing = 0;
		};
		B7A934B923BCD1E300CC15EE /* Frameworks */ = {
			isa = PBXFrameworksBuildPhase;
			buildActionMask = 2147483647;
			files = (
			);
			runOnlyForDeploymentPostprocessing = 0;
		};
		B7A934C423BCD25E00CC15EE /* Frameworks */ = {
			isa = PBXFrameworksBuildPhase;
			buildActionMask = 2147483647;
			files = (
			);
			runOnlyForDeploymentPostprocessing = 0;
		};
/* End PBXFrameworksBuildPhase section */

/* Begin PBXGroup section */
		B76DF69123BC3AC40053BBDC = {
			isa = PBXGroup;
			children = (
				B76DF6BA23BCC9770053BBDC /* C++ Primer 5th Edition */,
				B76DF69B23BC3AC40053BBDC /* Products */,
				B7A9349423BCCDA300CC15EE /* Laboratory */,
			);
			sourceTree = "<group>";
		};
		B76DF69B23BC3AC40053BBDC /* Products */ = {
			isa = PBXGroup;
			children = (
				B76DF69A23BC3AC40053BBDC /* cppx */,
				B76DF6A823BC3AD40053BBDC /* bolt */,
				B76DF6B323BC65560053BBDC /* bookstore */,
				B7A9349A23BCCE2300CC15EE /* 1.1 */,
				B7A934A623BCCFC600CC15EE /* 1.2 */,
				B7A934B123BCD0C700CC15EE /* 1.3 */,
				B7A934BC23BCD1E300CC15EE /* 1.4 */,
				B7A934C723BCD25E00CC15EE /* 1.5 */,
			);
			name = Products;
			sourceTree = "<group>";
		};
		B76DF6A923BC3AD40053BBDC /* bolt */ = {
			isa = PBXGroup;
			children = (
				B76DF6AA23BC3AD40053BBDC /* main.cpp */,
			);
			path = bolt;
			sourceTree = "<group>";
		};
		B76DF6B423BC65560053BBDC /* bookstore */ = {
			isa = PBXGroup;
			children = (
				B76DF6B523BC65560053BBDC /* main.cpp */,
			);
			path = bookstore;
			sourceTree = "<group>";
		};
		B76DF6BA23BCC9770053BBDC /* C++ Primer 5th Edition */ = {
			isa = PBXGroup;
			children = (
				B7A934CE23BCD4D000CC15EE /* Chapter 2 */,
				B76DF6C623BCCAD30053BBDC /* Chapter 1 */,
			);
			path = "C++ Primer 5th Edition";
			sourceTree = "<group>";
		};
		B76DF6C623BCCAD30053BBDC /* Chapter 1 */ = {
			isa = PBXGroup;
			children = (
				B7A934C823BCD25E00CC15EE /* 1.5 */,
				B7A934BD23BCD1E300CC15EE /* 1.4 */,
				B7A934B223BCD0C700CC15EE /* 1.3 */,
				B7A934A723BCCFC600CC15EE /* 1.2 */,
				B7A9349B23BCCE2300CC15EE /* 1.1 */,
			);
			path = "Chapter 1";
			sourceTree = "<group>";
		};
		B7A9349423BCCDA300CC15EE /* Laboratory */ = {
			isa = PBXGroup;
			children = (
				B76DF6A923BC3AD40053BBDC /* bolt */,
				B76DF6B423BC65560053BBDC /* bookstore */,
			);
			path = Laboratory;
			sourceTree = "<group>";
		};
		B7A9349B23BCCE2300CC15EE /* 1.1 */ = {
			isa = PBXGroup;
			children = (
				B7A9349C23BCCE2300CC15EE /* main.cpp */,
			);
			path = 1.1;
			sourceTree = "<group>";
		};
		B7A934A723BCCFC600CC15EE /* 1.2 */ = {
			isa = PBXGroup;
			children = (
				B7A934A823BCCFC600CC15EE /* main.cpp */,
			);
			path = 1.2;
			sourceTree = "<group>";
		};
		B7A934B223BCD0C700CC15EE /* 1.3 */ = {
			isa = PBXGroup;
			children = (
				B7A934B323BCD0C700CC15EE /* main.cpp */,
			);
			path = 1.3;
			sourceTree = "<group>";
		};
		B7A934BD23BCD1E300CC15EE /* 1.4 */ = {
			isa = PBXGroup;
			children = (
				B7A934BE23BCD1E300CC15EE /* main.cpp */,
			);
			path = 1.4;
			sourceTree = "<group>";
		};
		B7A934C823BCD25E00CC15EE /* 1.5 */ = {
			isa = PBXGroup;
			children = (
				B7A934C923BCD25E00CC15EE /* main.cpp */,
			);
			path = 1.5;
			sourceTree = "<group>";
		};
		B7A934CE23BCD4D000CC15EE /* Chapter 2 */ = {
			isa = PBXGroup;
			children = (
			);
			path = "Chapter 2";
			sourceTree = "<group>";
		};
/* End PBXGroup section */

/* Begin PBXNativeTarget section */
		B76DF69923BC3AC40053BBDC /* cppx */ = {
			isa = PBXNativeTarget;
			buildConfigurationList = B76DF6A123BC3AC40053BBDC /* Build configuration list for PBXNativeTarget "cppx" */;
			buildPhases = (
				B76DF69623BC3AC40053BBDC /* Sources */,
				B76DF69723BC3AC40053BBDC /* Frameworks */,
				B76DF69823BC3AC40053BBDC /* CopyFiles */,
			);
			buildRules = (
			);
			dependencies = (
			);
			name = cppx;
			productName = "C++";
			productReference = B76DF69A23BC3AC40053BBDC /* cppx */;
			productType = "com.apple.product-type.tool";
		};
		B76DF6A723BC3AD40053BBDC /* bolt */ = {
			isa = PBXNativeTarget;
			buildConfigurationList = B76DF6AC23BC3AD40053BBDC /* Build configuration list for PBXNativeTarget "bolt" */;
			buildPhases = (
				B76DF6A423BC3AD40053BBDC /* Sources */,
				B76DF6A523BC3AD40053BBDC /* Frameworks */,
				B76DF6A623BC3AD40053BBDC /* CopyFiles */,
			);
			buildRules = (
			);
			dependencies = (
			);
			name = bolt;
			productName = bolt;
			productReference = B76DF6A823BC3AD40053BBDC /* bolt */;
			productType = "com.apple.product-type.tool";
		};
		B76DF6B223BC65560053BBDC /* bookstore */ = {
			isa = PBXNativeTarget;
			buildConfigurationList = B76DF6B723BC65560053BBDC /* Build configuration list for PBXNativeTarget "bookstore" */;
			buildPhases = (
				B76DF6AF23BC65560053BBDC /* Sources */,
				B76DF6B023BC65560053BBDC /* Frameworks */,
				B76DF6B123BC65560053BBDC /* CopyFiles */,
			);
			buildRules = (
			);
			dependencies = (
			);
			name = bookstore;
			productName = bookstore;
			productReference = B76DF6B323BC65560053BBDC /* bookstore */;
			productType = "com.apple.product-type.tool";
		};
		B7A9349923BCCE2300CC15EE /* 1.1 */ = {
			isa = PBXNativeTarget;
			buildConfigurationList = B7A9349E23BCCE2300CC15EE /* Build configuration list for PBXNativeTarget "1.1" */;
			buildPhases = (
				B7A9349623BCCE2300CC15EE /* Sources */,
				B7A9349723BCCE2300CC15EE /* Frameworks */,
				B7A9349823BCCE2300CC15EE /* CopyFiles */,
			);
			buildRules = (
			);
			dependencies = (
			);
			name = 1.1;
			productName = 1.1;
			productReference = B7A9349A23BCCE2300CC15EE /* 1.1 */;
			productType = "com.apple.product-type.tool";
		};
		B7A934A523BCCFC600CC15EE /* 1.2 */ = {
			isa = PBXNativeTarget;
			buildConfigurationList = B7A934AA23BCCFC600CC15EE /* Build configuration list for PBXNativeTarget "1.2" */;
			buildPhases = (
				B7A934A223BCCFC600CC15EE /* Sources */,
				B7A934A323BCCFC600CC15EE /* Frameworks */,
				B7A934A423BCCFC600CC15EE /* CopyFiles */,
			);
			buildRules = (
			);
			dependencies = (
			);
			name = 1.2;
			productName = 1.2;
			productReference = B7A934A623BCCFC600CC15EE /* 1.2 */;
			productType = "com.apple.product-type.tool";
		};
		B7A934B023BCD0C700CC15EE /* 1.3 */ = {
			isa = PBXNativeTarget;
			buildConfigurationList = B7A934B523BCD0C700CC15EE /* Build configuration list for PBXNativeTarget "1.3" */;
			buildPhases = (
				B7A934AD23BCD0C700CC15EE /* Sources */,
				B7A934AE23BCD0C700CC15EE /* Frameworks */,
				B7A934AF23BCD0C700CC15EE /* CopyFiles */,
			);
			buildRules = (
			);
			dependencies = (
			);
			name = 1.3;
			productName = 1.3;
			productReference = B7A934B123BCD0C700CC15EE /* 1.3 */;
			productType = "com.apple.product-type.tool";
		};
		B7A934BB23BCD1E300CC15EE /* 1.4 */ = {
			isa = PBXNativeTarget;
			buildConfigurationList = B7A934C023BCD1E300CC15EE /* Build configuration list for PBXNativeTarget "1.4" */;
			buildPhases = (
				B7A934B823BCD1E300CC15EE /* Sources */,
				B7A934B923BCD1E300CC15EE /* Frameworks */,
				B7A934BA23BCD1E300CC15EE /* CopyFiles */,
			);
			buildRules = (
			);
			dependencies = (
			);
			name = 1.4;
			productName = 1.4;
			productReference = B7A934BC23BCD1E300CC15EE /* 1.4 */;
			productType = "com.apple.product-type.tool";
		};
		B7A934C623BCD25E00CC15EE /* 1.5 */ = {
			isa = PBXNativeTarget;
			buildConfigurationList = B7A934CB23BCD25E00CC15EE /* Build configuration list for PBXNativeTarget "1.5" */;
			buildPhases = (
				B7A934C323BCD25E00CC15EE /* Sources */,
				B7A934C423BCD25E00CC15EE /* Frameworks */,
				B7A934C523BCD25E00CC15EE /* CopyFiles */,
			);
			buildRules = (
			);
			dependencies = (
			);
			name = 1.5;
			productName = 1.5;
			productReference = B7A934C723BCD25E00CC15EE /* 1.5 */;
			productType = "com.apple.product-type.tool";
		};
/* End PBXNativeTarget section */

/* Begin PBXProject section */
		B76DF69223BC3AC40053BBDC /* Project object */ = {
			isa = PBXProject;
			attributes = {
				LastUpgradeCheck = 1030;
				ORGANIZATIONNAME = SIDIOUSVIC;
				TargetAttributes = {
					B76DF69923BC3AC40053BBDC = {
						CreatedOnToolsVersion = 10.3;
					};
					B76DF6A723BC3AD40053BBDC = {
						CreatedOnToolsVersion = 10.3;
					};
					B76DF6B223BC65560053BBDC = {
						CreatedOnToolsVersion = 10.3;
					};
					B7A9349923BCCE2300CC15EE = {
						CreatedOnToolsVersion = 10.3;
					};
					B7A934A523BCCFC600CC15EE = {
						CreatedOnToolsVersion = 10.3;
					};
					B7A934B023BCD0C700CC15EE = {
						CreatedOnToolsVersion = 10.3;
					};
					B7A934BB23BCD1E300CC15EE = {
						CreatedOnToolsVersion = 10.3;
					};
					B7A934C623BCD25E00CC15EE = {
						CreatedOnToolsVersion = 10.3;
					};
				};
			};
			buildConfigurationList = B76DF69523BC3AC40053BBDC /* Build configuration list for PBXProject "cppx" */;
			compatibilityVersion = "Xcode 9.3";
			developmentRegion = en;
			hasScannedForEncodings = 0;
			knownRegions = (
				en,
			);
			mainGroup = B76DF69123BC3AC40053BBDC;
			productRefGroup = B76DF69B23BC3AC40053BBDC /* Products */;
			projectDirPath = "";
			projectRoot = "";
			targets = (
				B76DF69923BC3AC40053BBDC /* cppx */,
				B76DF6A723BC3AD40053BBDC /* bolt */,
				B76DF6B223BC65560053BBDC /* bookstore */,
				B7A9349923BCCE2300CC15EE /* 1.1 */,
				B7A934A523BCCFC600CC15EE /* 1.2 */,
				B7A934B023BCD0C700CC15EE /* 1.3 */,
				B7A934BB23BCD1E300CC15EE /* 1.4 */,
				B7A934C623BCD25E00CC15EE /* 1.5 */,
			);
		};
/* End PBXProject section */

/* Begin PBXSourcesBuildPhase section */
		B76DF69623BC3AC40053BBDC /* Sources */ = {
			isa = PBXSourcesBuildPhase;
			buildActionMask = 2147483647;
			files = (
			);
			runOnlyForDeploymentPostprocessing = 0;
		};
		B76DF6A423BC3AD40053BBDC /* Sources */ = {
			isa = PBXSourcesBuildPhase;
			buildActionMask = 2147483647;
			files = (
				B76DF6AB23BC3AD40053BBDC /* main.cpp in Sources */,
			);
			runOnlyForDeploymentPostprocessing = 0;
		};
		B76DF6AF23BC65560053BBDC /* Sources */ = {
			isa = PBXSourcesBuildPhase;
			buildActionMask = 2147483647;
			files = (
				B76DF6B623BC65560053BBDC /* main.cpp in Sources */,
			);
			runOnlyForDeploymentPostprocessing = 0;
		};
		B7A9349623BCCE2300CC15EE /* Sources */ = {
			isa = PBXSourcesBuildPhase;
			buildActionMask = 2147483647;
			files = (
				B7A934A123BCCE4600CC15EE /* main.cpp in Sources */,
			);
			runOnlyForDeploymentPostprocessing = 0;
		};
		B7A934A223BCCFC600CC15EE /* Sources */ = {
			isa = PBXSourcesBuildPhase;
			buildActionMask = 2147483647;
			files = (
				B7A934A923BCCFC600CC15EE /* main.cpp in Sources */,
			);
			runOnlyForDeploymentPostprocessing = 0;
		};
		B7A934AD23BCD0C700CC15EE /* Sources */ = {
			isa = PBXSourcesBuildPhase;
			buildActionMask = 2147483647;
			files = (
				B7A934B423BCD0C700CC15EE /* main.cpp in Sources */,
			);
			runOnlyForDeploymentPostprocessing = 0;
		};
		B7A934B823BCD1E300CC15EE /* Sources */ = {
			isa = PBXSourcesBuildPhase;
			buildActionMask = 2147483647;
			files = (
				B7A934BF23BCD1E300CC15EE /* main.cpp in Sources */,
			);
			runOnlyForDeploymentPostprocessing = 0;
		};
		B7A934C323BCD25E00CC15EE /* Sources */ = {
			isa = PBXSourcesBuildPhase;
			buildActionMask = 2147483647;
			files = (
				B7A934CA23BCD25E00CC15EE /* main.cpp in Sources */,
			);
			runOnlyForDeploymentPostprocessing = 0;
		};
/* End PBXSourcesBuildPhase section */

/* Begin XCBuildConfiguration section */
		B76DF69F23BC3AC40053BBDC /* Debug */ = {
			isa = XCBuildConfiguration;
			buildSettings = {
				ALWAYS_SEARCH_USER_PATHS = NO;
				CLANG_ANALYZER_NONNULL = YES;
				CLANG_ANALYZER_NUMBER_OBJECT_CONVERSION = YES_AGGRESSIVE;
				CLANG_CXX_LANGUAGE_STANDARD = "gnu++14";
				CLANG_CXX_LIBRARY = "libc++";
				CLANG_ENABLE_MODULES = YES;
				CLANG_ENABLE_OBJC_ARC = YES;
				CLANG_ENABLE_OBJC_WEAK = YES;
				CLANG_WARN_BLOCK_CAPTURE_AUTORELEASING = YES;
				CLANG_WARN_BOOL_CONVERSION = YES;
				CLANG_WARN_COMMA = YES;
				CLANG_WARN_CONSTANT_CONVERSION = YES;
				CLANG_WARN_DEPRECATED_OBJC_IMPLEMENTATIONS = YES;
				CLANG_WARN_DIRECT_OBJC_ISA_USAGE = YES_ERROR;
				CLANG_WARN_DOCUMENTATION_COMMENTS = YES;
				CLANG_WARN_EMPTY_BODY = YES;
				CLANG_WARN_ENUM_CONVERSION = YES;
				CLANG_WARN_INFINITE_RECURSION = YES;
				CLANG_WARN_INT_CONVERSION = YES;
				CLANG_WARN_NON_LITERAL_NULL_CONVERSION = YES;
				CLANG_WARN_OBJC_IMPLICIT_RETAIN_SELF = YES;
				CLANG_WARN_OBJC_LITERAL_CONVERSION = YES;
				CLANG_WARN_OBJC_ROOT_CLASS = YES_ERROR;
				CLANG_WARN_RANGE_LOOP_ANALYSIS = YES;
				CLANG_WARN_STRICT_PROTOTYPES = YES;
				CLANG_WARN_SUSPICIOUS_MOVE = YES;
				CLANG_WARN_UNGUARDED_AVAILABILITY = YES_AGGRESSIVE;
				CLANG_WARN_UNREACHABLE_CODE = YES;
				CLANG_WARN__DUPLICATE_METHOD_MATCH = YES;
				CODE_SIGN_IDENTITY = "-";
				COPY_PHASE_STRIP = NO;
				DEBUG_INFORMATION_FORMAT = dwarf;
				ENABLE_STRICT_OBJC_MSGSEND = YES;
				ENABLE_TESTABILITY = YES;
				GCC_C_LANGUAGE_STANDARD = gnu11;
				GCC_DYNAMIC_NO_PIC = NO;
				GCC_NO_COMMON_BLOCKS = YES;
				GCC_OPTIMIZATION_LEVEL = 0;
				GCC_PREPROCESSOR_DEFINITIONS = (
					"DEBUG=1",
					"$(inherited)",
				);
				GCC_WARN_64_TO_32_BIT_CONVERSION = YES;
				GCC_WARN_ABOUT_RETURN_TYPE = YES_ERROR;
				GCC_WARN_UNDECLARED_SELECTOR = YES;
				GCC_WARN_UNINITIALIZED_AUTOS = YES_AGGRESSIVE;
				GCC_WARN_UNUSED_FUNCTION = YES;
				GCC_WARN_UNUSED_VARIABLE = YES;
				MACOSX_DEPLOYMENT_TARGET = 10.14;
				MTL_ENABLE_DEBUG_INFO = INCLUDE_SOURCE;
				MTL_FAST_MATH = YES;
				ONLY_ACTIVE_ARCH = YES;
				SDKROOT = macosx;
			};
			name = Debug;
		};
		B76DF6A023BC3AC40053BBDC /* Release */ = {
			isa = XCBuildConfiguration;
			buildSettings = {
				ALWAYS_SEARCH_USER_PATHS = NO;
				CLANG_ANALYZER_NONNULL = YES;
				CLANG_ANALYZER_NUMBER_OBJECT_CONVERSION = YES_AGGRESSIVE;
				CLANG_CXX_LANGUAGE_STANDARD = "gnu++14";
				CLANG_CXX_LIBRARY = "libc++";
				CLANG_ENABLE_MODULES = YES;
				CLANG_ENABLE_OBJC_ARC = YES;
				CLANG_ENABLE_OBJC_WEAK = YES;
				CLANG_WARN_BLOCK_CAPTURE_AUTORELEASING = YES;
				CLANG_WARN_BOOL_CONVERSION = YES;
				CLANG_WARN_COMMA = YES;
				CLANG_WARN_CONSTANT_CONVERSION = YES;
				CLANG_WARN_DEPRECATED_OBJC_IMPLEMENTATIONS = YES;
				CLANG_WARN_DIRECT_OBJC_ISA_USAGE = YES_ERROR;
				CLANG_WARN_DOCUMENTATION_COMMENTS = YES;
				CLANG_WARN_EMPTY_BODY = YES;
				CLANG_WARN_ENUM_CONVERSION = YES;
				CLANG_WARN_INFINITE_RECURSION = YES;
				CLANG_WARN_INT_CONVERSION = YES;
				CLANG_WARN_NON_LITERAL_NULL_CONVERSION = YES;
				CLANG_WARN_OBJC_IMPLICIT_RETAIN_SELF = YES;
				CLANG_WARN_OBJC_LITERAL_CONVERSION = YES;
				CLANG_WARN_OBJC_ROOT_CLASS = YES_ERROR;
				CLANG_WARN_RANGE_LOOP_ANALYSIS = YES;
				CLANG_WARN_STRICT_PROTOTYPES = YES;
				CLANG_WARN_SUSPICIOUS_MOVE = YES;
				CLANG_WARN_UNGUARDED_AVAILABILITY = YES_AGGRESSIVE;
				CLANG_WARN_UNREACHABLE_CODE = YES;
				CLANG_WARN__DUPLICATE_METHOD_MATCH = YES;
				CODE_SIGN_IDENTITY = "-";
				COPY_PHASE_STRIP = NO;
				DEBUG_INFORMATION_FORMAT = "dwarf-with-dsym";
				ENABLE_NS_ASSERTIONS = NO;
				ENABLE_STRICT_OBJC_MSGSEND = YES;
				GCC_C_LANGUAGE_STANDARD = gnu11;
				GCC_NO_COMMON_BLOCKS = YES;
				GCC_WARN_64_TO_32_BIT_CONVERSION = YES;
				GCC_WARN_ABOUT_RETURN_TYPE = YES_ERROR;
				GCC_WARN_UNDECLARED_SELECTOR = YES;
				GCC_WARN_UNINITIALIZED_AUTOS = YES_AGGRESSIVE;
				GCC_WARN_UNUSED_FUNCTION = YES;
				GCC_WARN_UNUSED_VARIABLE = YES;
				MACOSX_DEPLOYMENT_TARGET = 10.14;
				MTL_ENABLE_DEBUG_INFO = NO;
				MTL_FAST_MATH = YES;
				SDKROOT = macosx;
			};
			name = Release;
		};
		B76DF6A223BC3AC40053BBDC /* Debug */ = {
			isa = XCBuildConfiguration;
			buildSettings = {
				CODE_SIGN_STYLE = Automatic;
				PRODUCT_NAME = "$(TARGET_NAME)";
			};
			name = Debug;
		};
		B76DF6A323BC3AC40053BBDC /* Release */ = {
			isa = XCBuildConfiguration;
			buildSettings = {
				CODE_SIGN_STYLE = Automatic;
				PRODUCT_NAME = "$(TARGET_NAME)";
			};
			name = Release;
		};
		B76DF6AD23BC3AD40053BBDC /* Debug */ = {
			isa = XCBuildConfiguration;
			buildSettings = {
				CODE_SIGN_STYLE = Automatic;
				PRODUCT_NAME = "$(TARGET_NAME)";
			};
			name = Debug;
		};
		B76DF6AE23BC3AD40053BBDC /* Release */ = {
			isa = XCBuildConfiguration;
			buildSettings = {
				CODE_SIGN_STYLE = Automatic;
				PRODUCT_NAME = "$(TARGET_NAME)";
			};
			name = Release;
		};
		B76DF6B823BC65560053BBDC /* Debug */ = {
			isa = XCBuildConfiguration;
			buildSettings = {
				CODE_SIGN_STYLE = Automatic;
				PRODUCT_NAME = "$(TARGET_NAME)";
			};
			name = Debug;
		};
		B76DF6B923BC65560053BBDC /* Release */ = {
			isa = XCBuildConfiguration;
			buildSettings = {
				CODE_SIGN_STYLE = Automatic;
				PRODUCT_NAME = "$(TARGET_NAME)";
			};
			name = Release;
		};
		B7A9349F23BCCE2300CC15EE /* Debug */ = {
			isa = XCBuildConfiguration;
			buildSettings = {
				CODE_SIGN_STYLE = Automatic;
				PRODUCT_NAME = "$(TARGET_NAME)";
			};
			name = Debug;
		};
		B7A934A023BCCE2300CC15EE /* Release */ = {
			isa = XCBuildConfiguration;
			buildSettings = {
				CODE_SIGN_STYLE = Automatic;
				PRODUCT_NAME = "$(TARGET_NAME)";
			};
			name = Release;
		};
		B7A934AB23BCCFC600CC15EE /* Debug */ = {
			isa = XCBuildConfiguration;
			buildSettings = {
				CODE_SIGN_STYLE = Automatic;
				PRODUCT_NAME = "$(TARGET_NAME)";
			};
			name = Debug;
		};
		B7A934AC23BCCFC600CC15EE /* Release */ = {
			isa = XCBuildConfiguration;
			buildSettings = {
				CODE_SIGN_STYLE = Automatic;
				PRODUCT_NAME = "$(TARGET_NAME)";
			};
			name = Release;
		};
		B7A934B623BCD0C700CC15EE /* Debug */ = {
			isa = XCBuildConfiguration;
			buildSettings = {
				CODE_SIGN_STYLE = Automatic;
				PRODUCT_NAME = "$(TARGET_NAME)";
			};
			name = Debug;
		};
		B7A934B723BCD0C700CC15EE /* Release */ = {
			isa = XCBuildConfiguration;
			buildSettings = {
				CODE_SIGN_STYLE = Automatic;
				PRODUCT_NAME = "$(TARGET_NAME)";
			};
			name = Release;
		};
		B7A934C123BCD1E300CC15EE /* Debug */ = {
			isa = XCBuildConfiguration;
			buildSettings = {
				CODE_SIGN_STYLE = Automatic;
				PRODUCT_NAME = "$(TARGET_NAME)";
			};
			name = Debug;
		};
		B7A934C223BCD1E300CC15EE /* Release */ = {
			isa = XCBuildConfiguration;
			buildSettings = {
				CODE_SIGN_STYLE = Automatic;
				PRODUCT_NAME = "$(TARGET_NAME)";
			};
			name = Release;
		};
		B7A934CC23BCD25E00CC15EE /* Debug */ = {
			isa = XCBuildConfiguration;
			buildSettings = {
				CODE_SIGN_STYLE = Automatic;
				PRODUCT_NAME = "$(TARGET_NAME)";
			};
			name = Debug;
		};
		B7A934CD23BCD25E00CC15EE /* Release */ = {
			isa = XCBuildConfiguration;
			buildSettings = {
				CODE_SIGN_STYLE = Automatic;
				PRODUCT_NAME = "$(TARGET_NAME)";
			};
			name = Release;
		};
/* End XCBuildConfiguration section */

/* Begin XCConfigurationList section */
		B76DF69523BC3AC40053BBDC /* Build configuration list for PBXProject "cppx" */ = {
			isa = XCConfigurationList;
			buildConfigurations = (
				B76DF69F23BC3AC40053BBDC /* Debug */,
				B76DF6A023BC3AC40053BBDC /* Release */,
			);
			defaultConfigurationIsVisible = 0;
			defaultConfigurationName = Release;
		};
		B76DF6A123BC3AC40053BBDC /* Build configuration list for PBXNativeTarget "cppx" */ = {
			isa = XCConfigurationList;
			buildConfigurations = (
				B76DF6A223BC3AC40053BBDC /* Debug */,
				B76DF6A323BC3AC40053BBDC /* Release */,
			);
			defaultConfigurationIsVisible = 0;
			defaultConfigurationName = Release;
		};
		B76DF6AC23BC3AD40053BBDC /* Build configuration list for PBXNativeTarget "bolt" */ = {
			isa = XCConfigurationList;
			buildConfigurations = (
				B76DF6AD23BC3AD40053BBDC /* Debug */,
				B76DF6AE23BC3AD40053BBDC /* Release */,
			);
			defaultConfigurationIsVisible = 0;
			defaultConfigurationName = Release;
		};
		B76DF6B723BC65560053BBDC /* Build configuration list for PBXNativeTarget "bookstore" */ = {
			isa = XCConfigurationList;
			buildConfigurations = (
				B76DF6B823BC65560053BBDC /* Debug */,
				B76DF6B923BC65560053BBDC /* Release */,
			);
			defaultConfigurationIsVisible = 0;
			defaultConfigurationName = Release;
		};
		B7A9349E23BCCE2300CC15EE /* Build configuration list for PBXNativeTarget "1.1" */ = {
			isa = XCConfigurationList;
			buildConfigurations = (
				B7A9349F23BCCE2300CC15EE /* Debug */,
				B7A934A023BCCE2300CC15EE /* Release */,
			);
			defaultConfigurationIsVisible = 0;
			defaultConfigurationName = Release;
		};
		B7A934AA23BCCFC600CC15EE /* Build configuration list for PBXNativeTarget "1.2" */ = {
			isa = XCConfigurationList;
			buildConfigurations = (
				B7A934AB23BCCFC600CC15EE /* Debug */,
				B7A934AC23BCCFC600CC15EE /* Release */,
			);
			defaultConfigurationIsVisible = 0;
			defaultConfigurationName = Release;
		};
		B7A934B523BCD0C700CC15EE /* Build configuration list for PBXNativeTarget "1.3" */ = {
			isa = XCConfigurationList;
			buildConfigurations = (
				B7A934B623BCD0C700CC15EE /* Debug */,
				B7A934B723BCD0C700CC15EE /* Release */,
			);
			defaultConfigurationIsVisible = 0;
			defaultConfigurationName = Release;
		};
		B7A934C023BCD1E300CC15EE /* Build configuration list for PBXNativeTarget "1.4" */ = {
			isa = XCConfigurationList;
			buildConfigurations = (
				B7A934C123BCD1E300CC15EE /* Debug */,
				B7A934C223BCD1E300CC15EE /* Release */,
			);
			defaultConfigurationIsVisible = 0;
			defaultConfigurationName = Release;
		};
		B7A934CB23BCD25E00CC15EE /* Build configuration list for PBXNativeTarget "1.5" */ = {
			isa = XCConfigurationList;
			buildConfigurations = (
				B7A934CC23BCD25E00CC15EE /* Debug */,
				B7A934CD23BCD25E00CC15EE /* Release */,
			);
			defaultConfigurationIsVisible = 0;
			defaultConfigurationName = Release;
		};
/* End XCConfigurationList section */
	};
	rootObject = B76DF69223BC3AC40053BBDC /* Project object */;
}
